lockfileVersion: 5.4

specifiers:
  '@tauri-apps/api': ^1.0.0-rc.3
  '@tauri-apps/cli': ^1.0.0-rc.8

dependencies:
  '@tauri-apps/api': 1.1.0

devDependencies:
  '@tauri-apps/cli': 1.1.1

packages:

  /@tauri-apps/api/1.1.0:
    resolution: {integrity: sha512-n13pIqdPd3KtaMmmAcrU7BTfdMtIlGNnfZD0dNX8L4p8dgmuNyikm6JAA+yCpl9gqq6I8x5cV2Y0muqdgD0cWw==, tarball: '@tauri-apps/api/download/@tauri-apps/api-1.1.0.tgz'}
    engines: {node: '>= 12.22.0', npm: '>= 6.6.0', yarn: '>= 1.19.1'}
    dev: false

  /@tauri-apps/cli-darwin-arm64/1.1.1:
    resolution: {integrity: sha512-qBG11ig525/qf0f5OQxn0ON3hT8YdpTfpa4Y4kVqBJhdW50R5fadPv6tv5Dpl2TS2X7nWh/zg5mEXYoCK3HZ9w==, tarball: '@tauri-apps/cli-darwin-arm64/download/@tauri-apps/cli-darwin-arm64-1.1.1.tgz'}
    engines: {node: '>= 10'}
    cpu: [arm64]
    os: [darwin]
    requiresBuild: true
    dev: true
    optional: true

  /@tauri-apps/cli-darwin-x64/1.1.1:
    resolution: {integrity: sha512-M3dMsp78OdxisbTwAWGvy3jIb3uqThtQcUYVvqOu9LeEOHyldOBFDSht+6PTBpaJLAHFMQK2rmNxiWgigklJaA==, tarball: '@tauri-apps/cli-darwin-x64/download/@tauri-apps/cli-darwin-x64-1.1.1.tgz'}
    engines: {node: '>= 10'}
    cpu: [x64]
    os: [darwin]
    requiresBuild: true
    dev: true
    optional: true

  /@tauri-apps/cli-linux-arm-gnueabihf/1.1.1:
    resolution: {integrity: sha512-LYlvdAd73cq+yTi6rw7j/DWIvDpeApwgQkIn+HYsNNeFhyFmABU7tmw+pekK3W3nHAkYAJ69Rl4ZdoxdNGKmHg==, tarball: '@tauri-apps/cli-linux-arm-gnueabihf/download/@tauri-apps/cli-linux-arm-gnueabihf-1.1.1.tgz'}
    engines: {node: '>= 10'}
    cpu: [arm]
    os: [linux]
    requiresBuild: true
    dev: true
    optional: true

  /@tauri-apps/cli-linux-arm64-gnu/1.1.1:
    resolution: {integrity: sha512-o/hbMQIKuFI7cTNpeQBHD/OCNJOBIci78faKms/t6AstLXx0QJuRHDk477Rg6VVy/I3BBKbyATALbmcTq+ti0A==, tarball: '@tauri-apps/cli-linux-arm64-gnu/download/@tauri-apps/cli-linux-arm64-gnu-1.1.1.tgz'}
    engines: {node: '>= 10'}
    cpu: [arm64]
    os: [linux]
    libc: [glibc]
    requiresBuild: true
    dev: true
    optional: true

  /@tauri-apps/cli-linux-arm64-musl/1.1.1:
    resolution: {integrity: sha512-8Ci4qlDnXIp93XqUrtzFCBDatUzPHpZq7L3bociUbWpvy/bnlzxp1C/C+vwdc4uS1MiAp9v3BFgrU4i0f0Z3QQ==, tarball: '@tauri-apps/cli-linux-arm64-musl/download/@tauri-apps/cli-linux-arm64-musl-1.1.1.tgz'}
    engines: {node: '>= 10'}
    cpu: [arm64]
    os: [linux]
    libc: [musl]
    requiresBuild: true
    dev: true
    optional: true

  /@tauri-apps/cli-linux-x64-gnu/1.1.1:
    resolution: {integrity: sha512-ES4Bkx2JAI8+dDNDJswhLS3yqt+yT/4C6UfGOPIHFxcXUh6fe36eUllrTt+HLRS9xTZbYnteJy7ebq2TqMkaxw==, tarball: '@tauri-apps/cli-linux-x64-gnu/download/@tauri-apps/cli-linux-x64-gnu-1.1.1.tgz'}
    engines: {node: '>= 10'}
    cpu: [x64]
    os: [linux]
    libc: [glibc]
    requiresBuild: true
    dev: true
    optional: true

  /@tauri-apps/cli-linux-x64-musl/1.1.1:
    resolution: {integrity: sha512-qrN1WOMAaDl+LE8P8iO0+DYlrWNTc9jIu/CsnVY/LImTn79ZPxEkcVBo0UGeKRI7f10TfvkVmLCBLxTz8QhEyA==, tarball: '@tauri-apps/cli-linux-x64-musl/download/@tauri-apps/cli-linux-x64-musl-1.1.1.tgz'}
    engines: {node: '>= 10'}
    cpu: [x64]
    os: [linux]
    libc: [musl]
    requiresBuild: true
    dev: true
    optional: true

  /@tauri-apps/cli-win32-ia32-msvc/1.1.1:
    resolution: {integrity: sha512-vw7VOmrQlywHhFV3pf54udf2FRNj9dg9WP1gL0My55FnB+w+PWS9Ipm871kX5qepmChdnZHKq9fsqE2uTjX//Q==, tarball: '@tauri-apps/cli-win32-ia32-msvc/download/@tauri-apps/cli-win32-ia32-msvc-1.1.1.tgz'}
    engines: {node: '>= 10'}
    cpu: [ia32]
    os: [win32]
    requiresBuild: true
    dev: true
    optional: true

  /@tauri-apps/cli-win32-x64-msvc/1.1.1:
    resolution: {integrity: sha512-OukxlLLi3AoCN4ABnqCDTiiC7xJGWukAjrKCIx7wFISrLjNfsrnH7/UOzuopfGpZChSe2c+AamVmcpBfVsEmJA==, tarball: '@tauri-apps/cli-win32-x64-msvc/download/@tauri-apps/cli-win32-x64-msvc-1.1.1.tgz'}
    engines: {node: '>= 10'}
    cpu: [x64]
    os: [win32]
    requiresBuild: true
    dev: true
    optional: true

  /@tauri-apps/cli/1.1.1:
    resolution: {integrity: sha512-80kjMEMPBwLYCp0tTKSquy90PHHGGBvZsneNr3B/mWxNsvjzA1C0vOyGJGFrJuT2OmkvrdvuJZ5mch5hL8O1Xg==, tarball: '@tauri-apps/cli/download/@tauri-apps/cli-1.1.1.tgz'}
    engines: {node: '>= 10'}
    hasBin: true
    optionalDependencies:
      '@tauri-apps/cli-darwin-arm64': 1.1.1
      '@tauri-apps/cli-darwin-x64': 1.1.1
      '@tauri-apps/cli-linux-arm-gnueabihf': 1.1.1
      '@tauri-apps/cli-linux-arm64-gnu': 1.1.1
      '@tauri-apps/cli-linux-arm64-musl': 1.1.1
      '@tauri-apps/cli-linux-x64-gnu': 1.1.1
      '@tauri-apps/cli-linux-x64-musl': 1.1.1
      '@tauri-apps/cli-win32-ia32-msvc': 1.1.1
      '@tauri-apps/cli-win32-x64-msvc': 1.1.1
    dev: true
